version = 1
revision = 5
requires-python = "==3.12.*"

[[package]]
name = "annotated-doc"
version = "0.0.5"
source = { registry = "https://pypi.org/simple" }
sdist = { url = "https://files.pythonhosted.org/packages/5a/8e/38aa427ed5402449e226975b649c5dc73ccadfefeb95e6aecb8f8ea4b6b6/annotated_doc-0.0.5.tar.gz", hash = "sha256:c7e58ce09192557605d8bbd92836d7e1d520ac9580096042c0bfd197efacf1bb", size = 10758, upload-time = "2026-07-28T13:50:58.129Z" }
wheels = [
    { url = "https://files.pythonhosted.org/packages/3e/30/e900b21425a860e195f32e37657aa1f7c7f2b1bfb26f03ca209b90933c06/annotated_doc-0.0.5-py3-none-any.whl", hash = "sha256:117bac03a25ede5df5440e855b32d556049ca169ead221505badf432fed4b101", size = 5302, upload-time = "2026-07-28T13:50:57.239Z" },
]

[[package]]
name = "annotated-types"
version = "0.8.0"
source = { registry = "https://pypi.org/simple" }
sdist = { url = "https://files.pythonhosted.org/packages/5f/56/a8120250d128bed162cd73c76d45f6ef9991f3e068f62a8ee060afa3104a/annotated_types-0.8.0.tar.gz", hash = "sha256:13b2beaad985e05e2d6407ee4c4f35590b11f8d693a258a561055cac8f64cab7", size = 15893, upload-time = "2026-07-23T20:16:13.995Z" }
wheels = [
    { url = "https://files.pythonhosted.org/packages/99/91/8acff4f5e50511b911bbccb72b8628a49c68ce14148cd9f6431094859a90/annotated_types-0.8.0-py3-none-any.whl", hash = "sha256:f072f4d804ea359e4eaf198b1af7a8b0943881a87f31bb764f8bf219bb9419e0", size = 13427, upload-time = "2026-07-23T20:16:12.938Z" },
]

[[package]]
name = "anyio"
version = "4.15.1"
source = { registry = "https://pypi.org/simple" }
dependencies = [
    { name = "idna" },
    { name = "typing-extensions" },
]
sdist = { url = "https://files.pythonhosted.org/packages/a9/d2/f4d173e22df740bc37b1db102b386ba719b66e95b0f0d751f556b387e6d2/anyio-4.15.1.tar.gz", hash = "sha256:9f28306018cbd6d329e64a36d58256edff76dd996fe423bc957326e578b82a94", size = 276966, upload-time = "2026-09-05T10:42:39.44Z" }
wheels = [
    { url = "https://files.pythonhosted.org/packages/12/b8/4bd346e22b28902df4d651910f5242c28d84e4a5c2435ca5c3f797ed7e2e/anyio-4.15.1-py3-none-any.whl", hash = "sha256:6152fdbbf9a77fdec97731721bebf7c4c44f7c29b424b0065826173efc7ed101", size = 132079, upload-time = "2026-09-05T10:42:37.923Z" },
]

[[package]]
name = "app"
version = "0.1.0"
source = { virtual = "." }
dependencies = [
    { name = "fastapi" },
    { name = "youtube-transcript-api" },
    { name = "yt-dlp" },
]

[package.metadata]
requires-dist = [
    { name = "fastapi", specifier = ">=0.115.0" },
    { name = "youtube-transcript-api", specifier = ">=1.2.0" },
    { name = "yt-dlp", specifier = ">=2025.1.1" },
]

[[package]]
name = "certifi"
version = "2026.7.22"
source = { registry = "https://pypi.org/simple" }
sdist = { url = "https://files.pythonhosted.org/packages/a3/c2/24167ea9858356b47a87a50d39908bfdb72ceeefe0041586e704e5376b3a/certifi-2026.7.22.tar.gz", hash = "sha256:741e2c3b351ddf169a738da9f2c048608ff7f2c5cc02f1ebc6b118bb090d5d55", size = 138112, upload-time = "2026-07-22T03:35:12.644Z" }
wheels = [
    { url = "https://files.pythonhosted.org/packages/0b/a7/71ac2cff56fec219ed242bb11b8efb69fcc4bec75db06fb7bfe35de520e6/certifi-2026.7.22-py3-none-any.whl", hash = "sha256:62f22742b58a1a33014a2b6b706588a8d7e2a88ae7bd1a6ebe8c992928483775", size = 136983, upload-time = "2026-07-22T03:35:11.276Z" },
]

[[package]]
name = "charset-normalizer"
version = "3.5.2"
source = { registry = "https://pypi.org/simple" }
sdist = { url = "https://files.pythonhosted.org/packages/33/1c/f41d4e74c28ab327ff3acd36053f7ea506c55872d7a90b0fa71aa3ab0c89/charset_normalizer-3.5.2.tar.gz", hash = "sha256:39de2a259fc954455c57274dc94c79d5842774e1247a016aff30bc0efed0f4ef", size = 172659, upload-time = "2026-09-30T04:39:23.398Z" }
wheels = [
    { url = "https://files.pythonhosted.org/packages/e7/c8/693809898870237d82785a03f3b2b58fe4c9f14669f84a7d4e623c92a59e/charset_normalizer-3.5.2-cp312-cp312-macosx_10_13_universal2.whl", hash = "sha256:ed2a239c0ea213acc1908150a3037257083c7c083128f1a4cec2ec4b97dca491", size = 367780, upload-time = "2026-09-30T04:35:30.888Z" },
    { url = "https://files.pythonhosted.org/packages/c9/87/2fea8c13dc24b3ca9c6f803a5b2dfdeae73eb4f9e12c7885ed908ff0433c/charset_normalizer-3.5.2-cp312-cp312-manylinux2014_aarch64.manylinux_2_17_aarch64.manylinux_2_28_aarch64.whl", hash = "sha256:b91363207bd9dc966a691e959bb47f64b30f7ac4b072be9968b366982f7db77c", size = 246730, upload-time = "2026-09-30T04:35:32.286Z" },
    { url = "https://files.pythonhosted.org/packages/a8/9e/09efac30b937722f46d3110ba30b875b24b2e3a266ed746cc4e376a94d80/charset_normalizer-3.5.2-cp312-cp312-manylinux2014_armv7l.manylinux_2_17_armv7l.manylinux_2_31_armv7l.whl", hash = "sha256:38a873987f3be698494da8b2e3085e29da02da7b633dce73e79c699a113d7bf0", size = 237707, upload-time = "2026-09-30T04:35:33.709Z" },
    { url = "https://files.pythonhosted.org/packages/9e/18/70d76670b13686237863a379928d60bd10e021f17d243ab3d7014c4a5f4e/charset_normalizer-3.5.2-cp312-cp312-manylinux2014_ppc64le.manylinux_2_17_ppc64le.manylinux_2_28_ppc64le.whl", hash = "sha256:355ad8011081dec5412240c087a9a0c9d4d5039f3ed11a3f13e18c2b29b56c51", size = 273050, upload-time = "2026-09-30T04:35:35.138Z" },
    { url = "https://files.pythonhosted.org/packages/54/e2/77a8b09d5adc013ed07b95b01b8b8fa5441c4e810e83ee7e4aae2fa4d91a/charset_normalizer-3.5.2-cp312-cp312-manylinux2014_s390x.manylinux_2_17_s390x.manylinux_2_28_s390x.whl", hash = "sha256:ee21e28f0430bd6dc9086c6e525d5e818a44a5ad19720c8a0ef766792f3eb5e5", size = 270345, upload-time = "2026-09-30T04:35:36.502Z" },
    { url = "https://files.pythonhosted.org/packages/7f/c5/38806a25ab5e65fc178f39affeda20858efafede2fce1ffc2556cfc9fe73/charset_normalizer-3.5.2-cp312-cp312-manylinux2014_x86_64.manylinux_2_17_x86_64.manylinux_2_28_x86_64.whl", hash = "sha256:3d31298449090ab8d47b7b1b2a555ff73cac7ed438a08b7ac160980c7ebed649", size = 257601, upload-time = "2026-09-30T04:35:37.919Z" },
    { url = "https://files.pythonhosted.org/packages/ae/8d/213565184708fdb263ae55e2c04ee1ff748129dd65d48ed0e3502da9c85a/charset_normalizer-3.5.2-cp312-cp312-manylinux_2_31_riscv64.manylinux_2_39_riscv64.whl", hash = "sha256:5cde776b7cc66e4f6c99612cea4aa7269aa65863f7a15841b2c264f103822f4e", size = 252222, upload-time = "2026-09-30T04:35:39.544Z" },
    { url = "https://files.pythonhosted.org/packages/7e/24/76d2cefc25472531e4c5c7dfff68865eb1c39b78482f0fdc15b46f047830/charset_normalizer-3.5.2-cp312-cp312-musllinux_1_2_aarch64.whl", hash = "sha256:ae4f5fea5b8b8ccff88238cc8569303e5ee95efae67fa62922a311397a71f346", size = 248482, upload-time = "2026-09-30T04:35:41.088Z" },
    { url = "https://files.pythonhosted.org/packages/7d/dc/65a801b66ab4c197e22c433ab25e7ac24324ac6f45a2269aca42cce309bf/charset_normalizer-3.5.2-cp312-cp312-musllinux_1_2_armv7l.whl", hash = "sha256:f7d486c83842422badd511868fd8a9a20e9407ace71564b6af47ce7e60a336c1", size = 241206, upload-time = "2026-09-30T04:35:42.59Z" },
    { url = "https://files.pythonhosted.org/packages/a7/95/ca9b5eabde673002c6f1e7ada1b223916fe18f6d661da7aabd4d643718f1/charset_normalizer-3.5.2-cp312-cp312-musllinux_1_2_ppc64le.whl", hash = "sha256:11a4d68a6ecda3292cb1e50239e111543ba5d709bb62a6b4ea1afcfa729d8875", size = 273190, upload-time = "2026-09-30T04:35:44.347Z" },
    { url = "https://files.pythonhosted.org/packages/2d/8b/803b4d2a3f6e1740f63f1e87b04d14b42f3d4fdfe6ed7d4db2d34102b14f/charset_normalizer-3.5.2-cp312-cp312-musllinux_1_2_riscv64.whl", hash = "sha256:d6734d2ef8a50fbf8445c139477da401f50d62a0606bf00e20ec6d87773fefb1", size = 253527, upload-time = "2026-09-30T04:35:45.915Z" },
    { url = "https://files.pythonhosted.org/packages/a9/55/93c0e5dbd085ae0471346026abbe7e0db9ea2d6fea74e51f0b5a46f233a7/charset_normalizer-3.5.2-cp312-cp312-musllinux_1_2_s390x.whl", hash = "sha256:a815775b6c38d4e0ff7bcffbeba67feded90202bb6a226b8dd35f1c855217413", size = 271285, upload-time = "2026-09-30T04:35:47.49Z" },
    { url = "https://files.pythonhosted.org/packages/95/69/0dbd0e0b9b16cfa816cdfcb3e2e3854a1f680dc07fb1245ea125e7448060/charset_normalizer-3.5.2-cp312-cp312-musllinux_1_2_x86_64.whl", hash = "sha256:23851fb4e1b85ed3f6c2a27b777cdfe2e19fb5b38429a8faf38c7542b7665869", size = 260010, upload-time = "2026-09-30T04:35:48.996Z" },
    { url = "https://files.pythonhosted.org/packages/58/9d/e7b88e7b1bf403590c3b573277b5e1e488c68c7a6fbacca310a2c324e90c/charset_normalizer-3.5.2-cp312-cp312-win32.whl", hash = "sha256:db19d07e2e0129e974a0e65d0064fc222a446cd5122c2fd4184d2af9fc734a9e", size = 184125, upload-time = "2026-09-30T04:35:50.777Z" },
    { url = "https://files.pythonhosted.org/packages/eb/e6/e6e083884cbcfd49c64865af05027fe7011be7b2d9179524f099a1b611f3/charset_normalizer-3.5.2-cp312-cp312-win_amd64.whl", hash = "sha256:780fbe7cab297b81dad9fb8dc5eb003c0468ffb0d9e5f65068c53a34661a96bc", size = 207486, upload-time = "2026-09-30T04:35:52.194Z" },
    { url = "https://files.pythonhosted.org/packages/c4/e3/017aea0911ada7405a825c7d937eb3a13009664e2f5b38e8c4bbf2abf894/charset_normalizer-3.5.2-cp312-cp312-win_arm64.whl", hash = "sha256:e2af3aad578aa6bd1384bcf4750fc285e5a9de53f40b7d41e5a0bf748edeb2b3", size = 196734, upload-time = "2026-09-30T04:35:53.636Z" },
    { url = "https://files.pythonhosted.org/packages/8c/ab/176fbfd5b64939c55d652366aa5b9ef1d767af207a3aa6ebeb0d226c484d/charset_normalizer-3.5.2-cp37-abi3-macosx_10_9_universal2.whl", hash = "sha256:4275811936e2f06feff5e598fb42a1b7ae852da8e39605211892b56b81a34efd", size = 331815, upload-time = "2026-09-30T04:38:26.216Z" },
    { url = "https://files.pythonhosted.org/packages/7e/84/371eac6b30bdbcbf2d632a1a01809103459216fcaae61b8b8d922c1bfb8a/charset_normalizer-3.5.2-cp37-abi3-manylinux1_x86_64.manylinux_2_28_x86_64.manylinux_2_5_x86_64.whl", hash = "sha256:1c50fe28bbc2ced33386f298650d91218076c05420e6cbd790b913adc41659e7", size = 253276, upload-time = "2026-09-30T04:38:28.032Z" },
    { url = "https://files.pythonhosted.org/packages/43/6f/c4fbae58febff71709c51bc7e18fdfa55341dc382704740f9f0cbf03817b/charset_normalizer-3.5.2-cp37-abi3-manylinux2014_aarch64.manylinux_2_17_aarch64.manylinux_2_28_aarch64.whl", hash = "sha256:d19fbd981a488e22cd04883659ca6b08f50b5974f9fd7c95655ef6a043e5893f", size = 241239, upload-time = "2026-09-30T04:38:29.732Z" },
    { url = "https://files.pythonhosted.org/packages/61/71/458c3f42164a07d0c5210798e9e704b39e540a6793b05aba67f3a35243a9/charset_normalizer-3.5.2-cp37-abi3-manylinux2014_armv7l.manylinux_2_17_armv7l.manylinux_2_31_armv7l.whl", hash = "sha256:0fed1d06615f022ee3b13caf5e8b180cfea32bb2c5aded8a9d44277afc040f93", size = 231121, upload-time = "2026-09-30T04:38:31.462Z" },
    { url = "https://files.pythonhosted.org/packages/09/54/ab9e89367076f6331bb6c65c4bf14a5361fa5191cb6561bf534f18504e1b/charset_normalizer-3.5.2-cp37-abi3-manylinux2014_ppc64le.manylinux_2_17_ppc64le.manylinux_2_28_ppc64le.whl", hash = "sha256:838dcc90063569a0448120554591a1d6c4a4ffe11babf048908793154ab86ade", size = 260350, upload-time = "2026-09-30T04:38:33.239Z" },
    { url = "https://files.pythonhosted.org/packages/7c/c1/061431ecc688d9d76602502cb57cc01e691e682c18f1beb45f9673b5bbd2/charset_normalizer-3.5.2-cp37-abi3-manylinux2014_s390x.manylinux_2_17_s390x.manylinux_2_28_s390x.whl", hash = "sha256:2ce45c6627b22c47e390bc91a41c3d13032192e699fa0bea96e9671b373d69b0", size = 255430, upload-time = "2026-09-30T04:38:34.865Z" },
    { url = "https://files.pythonhosted.org/packages/8d/1f/20c8949f0676f7ab811abdeb7f4d7f1cbc6e61ff20bef08b44edeb092bc8/charset_normalizer-3.5.2-cp37-abi3-manylinux_2_31_riscv64.manylinux_2_39_riscv64.whl", hash = "sha256:0774bf9bf620249fee3e0b8b9fd3065de213be30f3aa94ce2494b3b638949e26", size = 250612, upload-time = "2026-09-30T04:38:36.649Z" },
    { url = "https://files.pythonhosted.org/packages/2b/9e/46f2fa4c431fc98c4ae76a8cb5bdca54e0341e3cfc3fcfd8e82740250818/charset_normalizer-3.5.2-cp37-abi3-musllinux_1_2_aarch64.whl", hash = "sha256:1db38f4c5496827c1a501846d64d14c3b80c7e6714e406cd7dc36a9899fa1011", size = 242083, upload-time = "2026-09-30T04:38:38.26Z" },
    { url = "https://files.pythonhosted.org/packages/bd/39/559be29a0c0f086e0bba6922babd38916cc5e0b58ced4de13ee01ea05508/charset_normalizer-3.5.2-cp37-abi3-musllinux_1_2_armv7l.whl", hash = "sha256:304d8e4d493af723536393eee0c689eb7813f4a474c8b479dee63f1fdd98f621", size = 232738, upload-time = "2026-09-30T04:38:39.81Z" },
    { url = "https://files.pythonhosted.org/packages/ff/6c/387b0e4f756a282831c1d9fc6aeb6c51ca4507ca202767c8de15ce9b12e2/charset_normalizer-3.5.2-cp37-abi3-musllinux_1_2_ppc64le.whl", hash = "sha256:9b7f416ff0978e2f2249330527f0ad6fa02f4932e6199692d3b52da2048c19e4", size = 260703, upload-time = "2026-09-30T04:38:41.346Z" },
    { url = "https://files.pythonhosted.org/packages/96/92/1fdf015f09ef449f50d3ac4b67c90887c9c318b727daa95cc4f866e6521d/charset_normalizer-3.5.2-cp37-abi3-musllinux_1_2_riscv64.whl", hash = "sha256:01077390b03f7988f11d700a2194e69b119741a86b1a638b1db88891e3eced8e", size = 247622, upload-time = "2026-09-30T04:38:42.937Z" },
    { url = "https://files.pythonhosted.org/packages/dc/3c/8e7b8a5671ad5d433669fb2a76f1a0164df2d9b1718b0206bc2a16d840cc/charset_normalizer-3.5.2-cp37-abi3-musllinux_1_2_s390x.whl", hash = "sha256:7e841fb9010836c992c9f12fcbd43a831de93a5f726fc1ccd8ca1d0268c5014c", size = 257500, upload-time = "2026-09-30T04:38:44.604Z" },
    { url = "https://files.pythonhosted.org/packages/b4/f0/45b579df5cabc1d5d53ea1cc35e8437d3ca768c0acccc7041517cb6fbb32/charset_normalizer-3.5.2-cp37-abi3-musllinux_1_2_x86_64.whl", hash = "sha256:9cae88599c7219005d879f98e5ed53341e9a122af585e1091200358a3003d2a0", size = 255100, upload-time = "2026-09-30T04:38:46.289Z" },
    { url = "https://files.pythonhosted.org/packages/31/68/fdec18a343f5fb3f310588dd478b09ac4799e0b187dbade3a8cd776f03ef/charset_normalizer-3.5.2-cp37-abi3-win32.whl", hash = "sha256:01b0c0d2262a9e28e8484a278c7e1b5d650e3ac8cf2683d2967e25899f208bdf", size = 174499, upload-time = "2026-09-30T04:38:47.999Z" },
    { url = "https://files.pythonhosted.org/packages/9d/8a/b618149cc5207943a0242068d7a27897f56a62947b5a039085f2a22029f8/charset_normalizer-3.5.2-cp37-abi3-win_amd64.whl", hash = "sha256:9f56f72050826f63dcee7a7f55b0a77168cb3bfc553fd405e7f8f9ece75a4036", size = 200092, upload-time = "2026-09-30T04:38:49.707Z" },
    { url = "https://files.pythonhosted.org/packages/03/cf/4c66866fa9e2b1c78e3c911516d1de497a677b7ac60f1eceda74ce777ca3/charset_normalizer-3.5.2-cp37-abi3-win_arm64.whl", hash = "sha256:40ab6bffa02ae10a0581e6c198be7d2d8ca5c2a0c64e4ed3465d766df457573e", size = 294363, upload-time = "2026-09-30T04:38:51.312Z" },
    { url = "https://files.pythonhosted.org/packages/fc/ad/d07d7862a62ffa6d79d68074d14823243dd235a77c45262acbf6adeb28bf/charset_normalizer-3.5.2-py3-none-any.whl", hash = "sha256:b6b751274acb69d77b3323d6b7dbaa3c7fdfc1eb829b7eb61d262f32e1af9685", size = 68872, upload-time = "2026-09-30T04:39:21.828Z" },
]

[[package]]
name = "defusedxml"
version = "0.7.1"
source = { registry = "https://pypi.org/simple" }
sdist = { url = "https://files.pythonhosted.org/packages/0f/d5/c66da9b79e5bdb124974bfe172b4daf3c984ebd9c2a06e2b8a4dc7331c72/defusedxml-0.7.1.tar.gz", hash = "sha256:1bb3032db185915b62d7c6209c5a8792be6a32ab2fedacc84e01b52c51aa3e69", size = 75520, upload-time = "2021-03-08T10:59:26.269Z" }
wheels = [
    { url = "https://files.pythonhosted.org/packages/07/6c/aa3f2f849e01cb6a001cd8554a88d4c77c5c1a31c95bdf1cf9301e6d9ef4/defusedxml-0.7.1-py2.py3-none-any.whl", hash = "sha256:a352e7e428770286cc899e2542b6cdaedb2b4953ff269a210103ec58f6198a61", size = 25604, upload-time = "2021-03-08T10:59:24.45Z" },
]

[[package]]
name = "fastapi"
version = "0.142.2"
source = { registry = "https://pypi.org/simple" }
dependencies = [
    { name = "annotated-doc" },
    { name = "opentelemetry-api" },
    { name = "pydantic" },
    { name = "starlette" },
    { name = "typing-extensions" },
    { name = "typing-inspection" },
]
sdist = { url = "https://files.pythonhosted.org/packages/56/4f/f7c30a73127e0a8bbffe788369b8359e530b01ae06e2757936fa35bc5e6d/fastapi-0.142.2.tar.gz", hash = "sha256:06366626f2e70576367714d9ab2fe8472e6c8456dba69b399f9f797ab5e92570", size = 466721, upload-time = "2026-09-30T09:51:11.277Z" }
wheels = [
    { url = "https://files.pythonhosted.org/packages/a0/b6/78aaf9141fb46742928c113f3cf6ef2259d538cb02b604b7656c1dc9883c/fastapi-0.142.2-py3-none-any.whl", hash = "sha256:bd5f4d81f1e93a88bcd77caf4dfe3c2dbffc3805407a0007e9a114c18b3a670b", size = 144409, upload-time = "2026-09-30T09:51:09.8Z" },
]

[[package]]
name = "idna"
version = "3.20"
source = { registry = "https://pypi.org/simple" }
sdist = { url = "https://files.pythonhosted.org/packages/f5/08/8eea9d4b8302028f3abb2c0813953f7aec26d33b7a8960ed760e65ff29fa/idna-3.20.tar.gz", hash = "sha256:a7db850025b95ded1eae8a46181a1a6c56c92c96f0e2b005d9ff8dc0210cab44", size = 216463, upload-time = "2026-09-17T14:11:04.752Z" }
wheels = [
    { url = "https://files.pythonhosted.org/packages/58/a2/bb081bab032533a855d44de1d56f8e8426114ff1ba5d1f07a438a0a654f8/idna-3.20-py3-none-any.whl", hash = "sha256:ab7ae7122974553370f0bdb919e1a960b2cd1bc1ef0276416d896db81c14582c", size = 69583, upload-time = "2026-09-17T14:11:03.168Z" },
]

[[package]]
name = "opentelemetry-api"
version = "1.45.0"
source = { registry = "https://pypi.org/simple" }
dependencies = [
    { name = "typing-extensions" },
]
sdist = { url = "https://files.pythonhosted.org/packages/1f/dc/e12c1fe1ed8a7b7149777127b1a0e12ce5bd5a81d97408bedc2128c260f5/opentelemetry_api-1.45.0.tar.gz", hash = "sha256:711ede81773c8025c2c03dac0450bc89f3d30aea6eabcc815c570d4e35a963f7", size = 72115, upload-time = "2026-09-25T12:32:28.399Z" }
wheels = [
    { url = "https://files.pythonhosted.org/packages/44/b9/040d1a1c7836922828e6480cd2366bb8fe0ebf75b413d2bb51a9b0e7f78f/opentelemetry_api-1.45.0-py3-none-any.whl", hash = "sha256:80e068aba7cd56c8b58512d6a36f8d25cb1dfaa0c0a4cc1c938ccf9f362d9cb3", size = 60020, upload-time = "2026-09-25T12:32:03.192Z" },
]

[[package]]
name = "pydantic"
version = "2.13.5"
source = { registry = "https://pypi.org/simple" }
dependencies = [
    { name = "annotated-types" },
    { name = "pydantic-core" },
    { name = "typing-extensions" },
    { name = "typing-inspection" },
]
sdist = { url = "https://files.pythonhosted.org/packages/53/ef/fc4f868f4e2cee79f863883abffceff107875f569b848507319842d2a681/pydantic-2.13.5.tar.gz", hash = "sha256:51a9c5f7b2f8e636f04c6cada605d9b6a3bf1348fdf945a3d8869b19bba0ee08", size = 845750, upload-time = "2026-08-28T14:04:00.916Z" }
wheels = [
    { url = "https://files.pythonhosted.org/packages/eb/47/c95ffc2009878c7aac0c5e08528022dcb885933252a88b5f170058014464/pydantic-2.13.5-py3-none-any.whl", hash = "sha256:346a034f080da3755d8e9cb5e00e8b07de1d39e4f6e2c87d8ab7cafa0b269a73", size = 472589, upload-time = "2026-08-28T14:03:59.136Z" },
]

[[package]]
name = "pydantic-core"
version = "2.46.5"
source = { registry = "https://pypi.org/simple" }
dependencies = [
    { name = "typing-extensions" },
]
sdist = { url = "https://files.pythonhosted.org/packages/af/f9/8a06bea35ef8daf588f707784c973a7046e0034c8d8cfb08828eeffb8b75/pydantic_core-2.46.5.tar.gz", hash = "sha256:10416c15b8839ecc4ef4d0885da76da6fd0f67333a0eb8aff6d93c4b8f2910fc", size = 472262, upload-time = "2026-08-28T10:01:31.677Z" }
wheels = [
    { url = "https://files.pythonhosted.org/packages/82/3f/76358795aa7a8c6d4f36e2cb828ad1c90ee118e1393a9281664f5aade9d4/pydantic_core-2.46.5-cp312-cp312-macosx_10_12_x86_64.whl", hash = "sha256:b9fe6fb92520e3fd61f2e49000b6911b188824f089b75973ea06d6267f0b476d", size = 2076516, upload-time = "2026-08-28T09:58:21.576Z" },
    { url = "https://files.pythonhosted.org/packages/db/50/26b091836076ce4cb2fac264186936acc069e0595772cfd02a563bc4761a/pydantic_core-2.46.5-cp312-cp312-macosx_11_0_arm64.whl", hash = "sha256:a39ac25a9a2fa4072efdb429833c4a4c8009a51ff9eea3eeae131713cd27991e", size = 1922874, upload-time = "2026-08-28T09:58:23.766Z" },
    { url = "https://files.pythonhosted.org/packages/09/f0/2a8ce3849e299d44e2d2c196b6082643a3235565a735cb51db7a6261f614/pydantic_core-2.46.5-cp312-cp312-manylinux_2_17_aarch64.manylinux2014_aarch64.whl", hash = "sha256:4fdc8b93a41521988916eeaa271173fcca7fa0803d62f87675aac8dcec1c8e29", size = 1951772, upload-time = "2026-08-28T09:58:25.435Z" },
    { url = "https://files.pythonhosted.org/packages/87/46/ac0dc8bdd9e6048183a14eb127764e7ad9240021c17513074a4711b0e31e/pydantic_core-2.46.5-cp312-cp312-manylinux_2_17_armv7l.manylinux2014_armv7l.whl", hash = "sha256:b98134087d9de723658d17a42c7d0da8d6e2ef08015dee7dc93889047315f5e4", size = 2031832, upload-time = "2026-08-28T09:58:27.102Z" },
    { url = "https://files.pythonhosted.org/packages/c4/c2/339de5bef7be36301a2231eaa52e62163742c2281f11b5f4892bc79785cd/pydantic_core-2.46.5-cp312-cp312-manylinux_2_17_ppc64le.manylinux2014_ppc64le.whl", hash = "sha256:e652ab17569c94bff5475520f907b7148b8c24036a8ebbe5cf7cf7493d28579a", size = 2208645, upload-time = "2026-08-28T09:58:28.948Z" },
    { url = "https://files.pythonhosted.org/packages/7b/a0/9ff22b797724262da14427abaed4dd1d864a139693fc5e7809114376a716/pydantic_core-2.46.5-cp312-cp312-manylinux_2_17_s390x.manylinux2014_s390x.whl", hash = "sha256:d925f3d9afd05a8c0fb3a1031463a8d59ebe5e2afad297e29c78be19e13b4e62", size = 2265935, upload-time = "2026-08-28T09:58:30.625Z" },
    { url = "https://files.pythonhosted.org/packages/c0/a4/eb9409ec0736e50aa70a412f16c204ed149516846912f7e6724d4c73ee53/pydantic_core-2.46.5-cp312-cp312-manylinux_2_17_x86_64.manylinux2014_x86_64.whl", hash = "sha256:0fc5be0abd4a407e200d844b404e33639a554e7bd0d448e7b9ae181be4789ac2", size = 2066284, upload-time = "2026-08-28T09:58:32.289Z" },
    { url = "https://files.pythonhosted.org/packages/c0/02/7f6156ffc926857f1c37c07d9a388682865a81830ab6a1b637082c25e399/pydantic_core-2.46.5-cp312-cp312-manylinux_2_31_riscv64.whl", hash = "sha256:816ff0a6550ffc06c098ccd2e0698600f9aa7da192a79eaa6f9af504a35db869", size = 2105889, upload-time = "2026-08-28T09:58:33.986Z" },
    { url = "https://files.pythonhosted.org/packages/92/b1/e781d357ebe09fc929f995700f1b3503e8897f1cece183ecb1300d4d67e9/pydantic_core-2.46.5-cp312-cp312-manylinux_2_5_i686.manylinux1_i686.whl", hash = "sha256:c7ea57fc63aa7da93a1bd2d644e6577befae10c52c4e36377635eea1056a74f5", size = 2158006, upload-time = "2026-08-28T09:58:35.647Z" },
    { url = "https://files.pythonhosted.org/packages/70/0a/644597d84ab400e50609c192120b85c9681c22d3a20461b9060a79be0a7a/pydantic_core-2.46.5-cp312-cp312-musllinux_1_1_aarch64.whl", hash = "sha256:efd62a42486f1bda5d24cb4f63d15a3c7768375fe83d36f9417b4ad7a2fb20b3", size = 2158408, upload-time = "2026-08-28T09:58:37.38Z" },
    { url = "https://files.pythonhosted.org/packages/1e/ee/ca3b7b3a4b3769ffe9ce9432a7c9be755de9593a46d3b0d54d0409323e44/pydantic_core-2.46.5-cp312-cp312-musllinux_1_1_armv7l.whl", hash = "sha256:2bc9419666990c06d7397831f2126a1ecc3594aaa3ff7de5bf2d066802f4e07b", size = 2309609, upload-time = "2026-08-28T09:58:39.22Z" },
    { url = "https://files.pythonhosted.org/packages/ce/52/39fa1f451486019524ca685020390e7ca351832fd874530ba30c8628e6dc/pydantic_core-2.46.5-cp312-cp312-musllinux_1_1_x86_64.whl", hash = "sha256:18a09e1e1011b462f2e32774f25859ef1223d5c2b0546a633cf56654710721e0", size = 2342618, upload-time = "2026-08-28T09:58:40.89Z" },
    { url = "https://files.pythonhosted.org/packages/81/5e/468fc630568c61dcef3cd47ad32ffbeed9af643f49208d1ea86ab4f890c4/pydantic_core-2.46.5-cp312-cp312-win32.whl", hash = "sha256:5cb482e9e84c851f4e623fe4acc1ced89168cf1fe18f7089db4548c8f5bbb65b", size = 1939475, upload-time = "2026-08-28T09:58:42.591Z" },
    { url = "https://files.pythonhosted.org/packages/cf/c9/4c19f41b84cf6b622a72fbeed7665b25d47a187d68d47d0d430c07f23268/pydantic_core-2.46.5-cp312-cp312-win_amd64.whl", hash = "sha256:5e81740c09e310f5aa5cbd3e434a01c154d4bef93241c7877b39f211d2b78ba8", size = 2043140, upload-time = "2026-08-28T09:58:44.272Z" },
    { url = "https://files.pythonhosted.org/packages/af/dd/0c1a050299147c746e5256db16d645ab5efd4f78c59937d581a0524e74a2/pydantic_core-2.46.5-cp312-cp312-win_arm64.whl", hash = "sha256:f7b0ec93a2893de856652154d73b7ba622f26fa97726487dcac373de5f4c6084", size = 1997729, upload-time = "2026-08-28T09:58:46.13Z" },
    { url = "https://files.pythonhosted.org/packages/df/dd/053c2e4303f791f3b8f8a14ab0b22008e8eb21d868c0c90b4f9be705b76a/pydantic_core-2.46.5-graalpy312-graalpy250_312_native-macosx_10_12_x86_64.whl", hash = "sha256:013d6f3483d81e02e7c328831808f336c8596ee33b4bd4026b9ffb1e960b8942", size = 2062540, upload-time = "2026-08-28T10:01:00.318Z" },
    { url = "https://files.pythonhosted.org/packages/d7/dd/a18df751a5e37dd51bfad7f68e766999125bebe68c9e1d10a493ad01bd63/pydantic_core-2.46.5-graalpy312-graalpy250_312_native-macosx_11_0_arm64.whl", hash = "sha256:e9c134bb666dd54b778b9fc0d2b50cbb7f979b9e3716f26a88c9ab3b6fc1dd0f", size = 1902040, upload-time = "2026-08-28T10:01:02.529Z" },
    { url = "https://files.pythonhosted.org/packages/b7/13/01d40f9d07ce8a779fd6e0bd8ad4fba91309500dd67b869e2e219d261a6d/pydantic_core-2.46.5-graalpy312-graalpy250_312_native-manylinux_2_17_aarch64.manylinux2014_aarch64.whl", hash = "sha256:347ec774390c87326a2e4929d58d3f7e8763a104d5d35f4cd595a4c952366433", size = 1967479, upload-time = "2026-08-28T10:01:05.004Z" },
    { url = "https://files.pythonhosted.org/packages/fa/04/c81d4841331c2178b6fb09ae225425e110ed72d990c9fe556c4ec03d1013/pydantic_core-2.46.5-graalpy312-graalpy250_312_native-manylinux_2_17_x86_64.manylinux2014_x86_64.whl", hash = "sha256:8e24d8f05fa2d28513d94e877e9c75ad66175376209b3977f916e240e623193c", size = 2111034, upload-time = "2026-08-28T10:01:07.345Z" },
]

[[package]]
name = "requests"
version = "2.34.2"
source = { registry = "https://pypi.org/simple" }
dependencies = [
    { name = "certifi" },
    { name = "charset-normalizer" },
    { name = "idna" },
    { name = "urllib3" },
]
sdist = { url = "https://files.pythonhosted.org/packages/ac/c3/e2a2b89f2d3e2179abd6d00ebd70bff6273f37fb3e0cc209f48b39d00cbf/requests-2.34.2.tar.gz", hash = "sha256:f288924cae4e29463698d6d60bc6a4da69c89185ad1e0bcc4104f584e960b9ed", size = 142856, upload-time = "2026-05-14T19:25:27.735Z" }
wheels = [
    { url = "https://files.pythonhosted.org/packages/a0/f4/c67b0b3f1b9245e8d266f0f112c500d50e5b4e83cb6f3b71b6528104182a/requests-2.34.2-py3-none-any.whl", hash = "sha256:2a0d60c172f83ac6ab31e4554906c0f3b3588d37b5cb939b1c061f4907e278e0", size = 73075, upload-time = "2026-05-14T19:25:26.443Z" },
]

[[package]]
name = "starlette"
version = "1.7.0"
source = { registry = "https://pypi.org/simple" }
dependencies = [
    { name = "anyio" },
    { name = "typing-extensions" },
]
sdist = { url = "https://files.pythonhosted.org/packages/7b/2b/3850dc6bf7ef71b088962eba31dafc6cffd2f96e577ebb0bb316df96da3e/starlette-1.7.0.tar.gz", hash = "sha256:c79f74ea63cff761804fbbfb182f1e0b440c2d07b164d24700c5a1bab5d6ff5d", size = 2736246, upload-time = "2026-09-23T07:30:26.35Z" }
wheels = [
    { url = "https://files.pythonhosted.org/packages/4e/d6/1ec1b290f9e0fb067899b61e1d37a30c923068bad260b216dbe37a7d2967/starlette-1.7.0-py3-none-any.whl", hash = "sha256:67f8e99895493dd2911a03f11314af6ceebeae4e704bb9f43dfc6a9db151c93e", size = 78980, upload-time = "2026-09-23T07:30:24.567Z" },
]

[[package]]
name = "typing-extensions"
version = "4.16.0"
source = { registry = "https://pypi.org/simple" }
sdist = { url = "https://files.pythonhosted.org/packages/f6/cc/6253133b5bb138fc3306cebfbda2c520f545d36b5be2c7255cc528bb45d6/typing_extensions-4.16.0.tar.gz", hash = "sha256:dc983d19a509c94dba722ee6abd33940f7c05a89e243c47e907eb4db6f1a43e5", size = 113555, upload-time = "2026-07-02T08:40:05.92Z" }
wheels = [
    { url = "https://files.pythonhosted.org/packages/49/d3/b8441a820a491ddfc024b0b0cf0393375b75ea13866d9c66727e54c2fc80/typing_extensions-4.16.0-py3-none-any.whl", hash = "sha256:481caa481374e813c1b176ada14e97f1f67a4539ce9cfeb3f350d78d6370c2e8", size = 45571, upload-time = "2026-07-02T08:40:04.659Z" },
]

[[package]]
name = "typing-inspection"
version = "0.4.4"
source = { registry = "https://pypi.org/simple" }
dependencies = [
    { name = "typing-extensions" },
]
sdist = { url = "https://files.pythonhosted.org/packages/a3/26/b09b8010994eccc3c09092e6b34058f36a460eea2d4c3e8b910c695975a0/typing_inspection-0.4.4.tar.gz", hash = "sha256:547274fa6b0a561ccf549cc9524b999a578e737d015d8709d021f9d0d13bea47", size = 76928, upload-time = "2026-08-12T12:37:25.997Z" }
wheels = [
    { url = "https://files.pythonhosted.org/packages/67/81/4add07e5172b7ac40d8ed5ff580409a7801a4fe26d529bdd915401dabfbe/typing_inspection-0.4.4-py3-none-any.whl", hash = "sha256:65b8397ba37ccbce054456aaccddfc91e6e3083c92824df348d96ca832f3f147", size = 14750, upload-time = "2026-08-12T12:37:24.648Z" },
]

[[package]]
name = "urllib3"
version = "2.8.0"
source = { registry = "https://pypi.org/simple" }
sdist = { url = "https://files.pythonhosted.org/packages/e3/05/b17359e1cefb4f909b5e40b1b90a496d987258916dbbf88e842c729f510e/urllib3-2.8.0.tar.gz", hash = "sha256:63bf2ead4c879426ebf22ef2a781eeb4aa3b4ae798a0435506f8687fd5bb9b63", size = 458972, upload-time = "2026-09-15T19:29:36.253Z" }
wheels = [
    { url = "https://files.pythonhosted.org/packages/92/9d/c4e665119135114480843e7ab388fa94d8480650450e6f8e26b70d323a4c/urllib3-2.8.0-py3-none-any.whl", hash = "sha256:0cf3cae568d36aa9576b28dfb35f11328f1cb974ca7647d9475ebb86c75ac6e3", size = 135717, upload-time = "2026-09-15T19:29:34.577Z" },
]

[[package]]
name = "youtube-transcript-api"
version = "1.2.4"
source = { registry = "https://pypi.org/simple" }
dependencies = [
    { name = "defusedxml" },
    { name = "requests" },
]
sdist = { url = "https://files.pythonhosted.org/packages/60/43/4104185a2eaa839daa693b30e15c37e7e58795e8e09ec414f22b3db54bec/youtube_transcript_api-1.2.4.tar.gz", hash = "sha256:b72d0e96a335df599d67cee51d49e143cff4f45b84bcafc202ff51291603ddcd", size = 469839, upload-time = "2026-01-29T09:09:17.088Z" }
wheels = [
    { url = "https://files.pythonhosted.org/packages/be/95/129ea37efd6cd6ed00f62baae6543345c677810b8a3bf0026756e1d3cf3c/youtube_transcript_api-1.2.4-py3-none-any.whl", hash = "sha256:03878759356da5caf5edac77431780b91448fb3d8c21d4496015bdc8a7bc43ff", size = 485227, upload-time = "2026-01-29T09:09:15.427Z" },
]

[[package]]
name = "yt-dlp"
version = "2026.8.19"
source = { registry = "https://pypi.org/simple" }
sdist = { url = "https://files.pythonhosted.org/packages/1e/e0/832fa4ca334b766a06933a196066edc3dba37cdb6f14cd98d59bcc69a4b4/yt_dlp-2026.8.19.tar.gz", hash = "sha256:9e213e48cea35c66b378e4447903f118f6392a5fa380a2b6d7070ec86f4e0af1", size = 3052025, upload-time = "2026-08-19T23:48:59.291Z" }
wheels = [
    { url = "https://files.pythonhosted.org/packages/69/b2/8cd1613f56eed7ceb64fbd4df3f1c01246bfb098e6f398228bafda22b80b/yt_dlp-2026.8.19-py3-none-any.whl", hash = "sha256:1d57897e94c6665a0a6f9bc54b34e584284e32c034ffab3a7df25d8f7b24eedf", size = 3185533, upload-time = "2026-08-19T23:48:56.925Z" },
]
